// !$*UTF8*$!
{
	archiveVersion = 1;
	classes = {
	};
	objectVersion = 50;
	objects = {

/* Begin PBXBuildFile section */
		1CAB483420DB8B4E00F65759 /* AppDelegate.swift in Sources */ = {isa = PBXBuildFile; fileRef = 1CAB483320DB8B4E00F65759 /* AppDelegate.swift */; };
		1CAB483620DB8B4E00F65759 /* ViewController.swift in Sources */ = {isa = PBXBuildFile; fileRef = 1CAB483520DB8B4E00F65759 /* ViewController.swift */; };
		1CAB483920DB8B4E00F65759 /* Main.storyboard in Resources */ = {isa = PBXBuildFile; fileRef = 1CAB483720DB8B4E00F65759 /* Main.storyboard */; };
		1CAB483B20DB8B5200F65759 /* Assets.xcassets in Resources */ = {isa = PBXBuildFile; fileRef = 1CAB483A20DB8B5200F65759 /* Assets.xcassets */; };
		1CAB483E20DB8B5200F65759 /* LaunchScreen.storyboard in Resources */ = {isa = PBXBuildFile; fileRef = 1CAB483C20DB8B5200F65759 /* LaunchScreen.storyboard */; };
		1CAB484720DB94E900F65759 /* XBShareView.swift in Sources */ = {isa = PBXBuildFile; fileRef = 1CAB484620DB94E900F65759 /* XBShareView.swift */; };
		9BF2BFDB487055FD40730527 /* Pods_XBShareViewDemo.framework in Frameworks */ = {isa = PBXBuildFile; fileRef = 58319F79255DEE769F853AC6 /* Pods_XBShareViewDemo.framework */; };
/* End PBXBuildFile section */

/* Begin PBXFileReference section */
		06DB531620B2880085C7B434 /* Pods-XBShareViewDemo.release.xcconfig */ = {isa = PBXFileReference; includeInIndex = 1; lastKnownFileType = text.xcconfig; name = "Pods-XBShareViewDemo.release.xcconfig"; path = "Pods/Target Support Files/Pods-XBShareViewDemo/Pods-XBShareViewDemo.release.xcconfig"; sourceTree = "<group>"; };
		1CAB483020DB8B4E00F65759 /* XBShareViewDemo.app */ = {isa = PBXFileReference; explicitFileType = wrapper.application; includeInIndex = 0; path = XBShareViewDemo.app; sourceTree = BUILT_PRODUCTS_DIR; };
		1CAB483320DB8B4E00F65759 /* AppDelegate.swift */ = {isa = PBXFileReference; lastKnownFileType = sourcecode.swift; path = AppDelegate.swift; sourceTree = "<group>"; };
		1CAB483520DB8B4E00F65759 /* ViewController.swift */ = {isa = PBXFileReference; lastKnownFileType = sourcecode.swift; path = ViewController.swift; sourceTree = "<group>"; };
		1CAB483820DB8B4E00F65759 /* Base */ = {isa = PBXFileReference; lastKnownFileType = file.storyboard; name = Base; path = Base.lproj/Main.storyboard; sourceTree = "<group>"; };
		1CAB483A20DB8B5200F65759 /* Assets.xcassets */ = {isa = PBXFileReference; lastKnownFileType = folder.assetcatalog; path = Assets.xcassets; sourceTree = "<group>"; };
		1CAB483D20DB8B5200F65759 /* Base */ = {isa = PBXFileReference; lastKnownFileType = file.storyboard; name = Base; path = Base.lproj/LaunchScreen.storyboard; sourceTree = "<group>"; };
		1CAB483F20DB8B5200F65759 /* Info.plist */ = {isa = PBXFileReference; lastKnownFileType = text.plist.xml; path = Info.plist; sourceTree = "<group>"; };
		1CAB484620DB94E900F65759 /* XBShareView.swift */ = {isa = PBXFileReference; fileEncoding = 4; lastKnownFileType = sourcecode.swift; path = XBShareView.swift; sourceTree = "<group>"; };
		58319F79255DEE769F853AC6 /* Pods_XBShareViewDemo.framework */ = {isa = PBXFileReference; explicitFileType = wrapper.framework; includeInIndex = 0; path = Pods_XBShareViewDemo.framework; sourceTree = BUILT_PRODUCTS_DIR; };
		C58EE648F82135B9666D3B45 /* Pods-XBShareViewDemo.debug.xcconfig */ = {isa = PBXFileReference; includeInIndex = 1; lastKnownFileType = text.xcconfig; name = "Pods-XBShareViewDemo.debug.xcconfig"; path = "Pods/Target Support Files/Pods-XBShareViewDemo/Pods-XBShareViewDemo.debug.xcconfig"; sourceTree = "<group>"; };
/* End PBXFileReference section */

/* Begin PBXFrameworksBuildPhase section */
		1CAB482D20DB8B4E00F65759 /* Frameworks */ = {
			isa = PBXFrameworksBuildPhase;
			buildActionMask = 2147483647;
			files = (
				9BF2BFDB487055FD40730527 /* Pods_XBShareViewDemo.framework in Frameworks */,
			);
			runOnlyForDeploymentPostprocessing = 0;
		};
/* End PBXFrameworksBuildPhase section */

/* Begin PBXGroup section */
		1CAB482720DB8B4D00F65759 = {
			isa = PBXGroup;
			children = (
				1CAB483220DB8B4E00F65759 /* XBShareViewDemo */,
				1CAB483120DB8B4E00F65759 /* Products */,
				7D3E342A7B861A6D6AD203C1 /* Pods */,
				E71B1296FD5D8050DC465962 /* Frameworks */,
			);
			sourceTree = "<group>";
		};
		1CAB483120DB8B4E00F65759 /* Products */ = {
			isa = PBXGroup;
			children = (
				1CAB483020DB8B4E00F65759 /* XBShareViewDemo.app */,
			);
			name = Products;
			sourceTree = "<group>";
		};
		1CAB483220DB8B4E00F65759 /* XBShareViewDemo */ = {
			isa = PBXGroup;
			children = (
				1CAB484520DB94E900F65759 /* XBShareView */,
				1CAB483320DB8B4E00F65759 /* AppDelegate.swift */,
				1CAB483520DB8B4E00F65759 /* ViewController.swift */,
				1CAB483720DB8B4E00F65759 /* Main.storyboard */,
				1CAB483A20DB8B5200F65759 /* Assets.xcassets */,
				1CAB483C20DB8B5200F65759 /* LaunchScreen.storyboard */,
				1CAB483F20DB8B5200F65759 /* Info.plist */,
			);
			path = XBShareViewDemo;
			sourceTree = "<group>";
		};
		1CAB484520DB94E900F65759 /* XBShareView */ = {
			isa = PBXGroup;
			children = (
				1CAB484620DB94E900F65759 /* XBShareView.swift */,
			);
			name = XBShareView;
			path = ../../XBShareView;
			sourceTree = "<group>";
		};
		7D3E342A7B861A6D6AD203C1 /* Pods */ = {
			isa = PBXGroup;
			children = (
				C58EE648F82135B9666D3B45 /* Pods-XBShareViewDemo.debug.xcconfig */,
				06DB531620B2880085C7B434 /* Pods-XBShareViewDemo.release.xcconfig */,
			);
			name = Pods;
			sourceTree = "<group>";
		};
		E71B1296FD5D8050DC465962 /* Frameworks */ = {
			isa = PBXGroup;
			children = (
				58319F79255DEE769F853AC6 /* Pods_XBShareViewDemo.framework */,
			);
			name = Frameworks;
			sourceTree = "<group>";
		};
/* End PBXGroup section */

/* Begin PBXNativeTarget section */
		1CAB482F20DB8B4E00F65759 /* XBShareViewDemo */ = {
			isa = PBXNativeTarget;
			buildConfigurationList = 1CAB484220DB8B5200F65759 /* Build configuration list for PBXNativeTarget "XBShareViewDemo" */;
			buildPhases = (
				CA9A6DD087E0FA94C4705894 /* [CP] Check Pods Manifest.lock */,
				1CAB482C20DB8B4E00F65759 /* Sources */,
				1CAB482D20DB8B4E00F65759 /* Frameworks */,
				1CAB482E20DB8B4E00F65759 /* Resources */,
				EF29B641056DBCAC0053B3C4 /* [CP] Embed Pods Frameworks */,
			);
			buildRules = (
			);
			dependencies = (
			);
			name = XBShareViewDemo;
			productName = XBShareViewDemo;
			productReference = 1CAB483020DB8B4E00F65759 /* XBShareViewDemo.app */;
			productType = "com.apple.product-type.application";
		};
/* End PBXNativeTarget section */

/* Begin PBXProject section */
		1CAB482820DB8B4D00F65759 /* Project object */ = {
			isa = PBXProject;
			attributes = {
				LastSwiftUpdateCheck = 0940;
				LastUpgradeCheck = 0940;
				ORGANIZATIONNAME = xubojoy;
				TargetAttributes = {
					1CAB482F20DB8B4E00F65759 = {
						CreatedOnToolsVersion = 9.4.1;
					};
				};
			};
			buildConfigurationList = 1CAB482B20DB8B4D00F65759 /* Build configuration list for PBXProject "XBShareViewDemo" */;
			compatibilityVersion = "Xcode 9.3";
			developmentRegion = en;
			hasScannedForEncodings = 0;
			knownRegions = (
				en,
				Base,
			);
			mainGroup = 1CAB482720DB8B4D00F65759;
			productRefGroup = 1CAB483120DB8B4E00F65759 /* Products */;
			projectDirPath = "";
			projectRoot = "";
			targets = (
				1CAB482F20DB8B4E00F65759 /* XBShareViewDemo */,
			);
		};
/* End PBXProject section */

/* Begin PBXResourcesBuildPhase section */
		1CAB482E20DB8B4E00F65759 /* Resources */ = {
			isa = PBXResourcesBuildPhase;
			buildActionMask = 2147483647;
			files = (
				1CAB483E20DB8B5200F65759 /* LaunchScreen.storyboard in Resources */,
				1CAB483B20DB8B5200F65759 /* Assets.xcassets in Resources */,
				1CAB483920DB8B4E00F65759 /* Main.storyboard in Resources */,
			);
			runOnlyForDeploymentPostprocessing = 0;
		};
/* End PBXResourcesBuildPhase section */

/* Begin PBXShellScriptBuildPhase section */
		CA9A6DD087E0FA94C4705894 /* [CP] Check Pods Manifest.lock */ = {
			isa = PBXShellScriptBuildPhase;
			buildActionMask = 2147483647;
			files = (
			);
			inputPaths = (
				"${PODS_PODFILE_DIR_PATH}/Podfile.lock",
				"${PODS_ROOT}/Manifest.lock",
			);
			name = "[CP] Check Pods Manifest.lock";
			outputPaths = (
				"$(DERIVED_FILE_DIR)/Pods-XBShareViewDemo-checkManifestLockResult.txt",
			);
			runOnlyForDeploymentPostprocessing = 0;
			shellPath = /bin/sh;
			shellScript = "diff \"${PODS_PODFILE_DIR_PATH}/Podfile.lock\" \"${PODS_ROOT}/Manifest.lock\" > /dev/null\nif [ $? != 0 ] ; then\n    # print error to STDERR\n    echo \"error: The sandbox is not in sync with the Podfile.lock. Run 'pod install' or update your CocoaPods installation.\" >&2\n    exit 1\nfi\n# This output is used by Xcode 'outputs' to avoid re-running this script phase.\necho \"SUCCESS\" > \"${SCRIPT_OUTPUT_FILE_0}\"\n";
			showEnvVarsInLog = 0;
		};
		EF29B641056DBCAC0053B3C4 /* [CP] Embed Pods Frameworks */ = {
			isa = PBXShellScriptBuildPhase;
			buildActionMask = 2147483647;
			files = (
			);
			inputPaths = (
				"${SRCROOT}/Pods/Target Support Files/Pods-XBShareViewDemo/Pods-XBShareViewDemo-frameworks.sh",
				"${BUILT_PRODUCTS_DIR}/SnapKit/SnapKit.framework",
			);
			name = "[CP] Embed Pods Frameworks";
			outputPaths = (
				"${TARGET_BUILD_DIR}/${FRAMEWORKS_FOLDER_PATH}/SnapKit.framework",
			);
			runOnlyForDeploymentPostprocessing = 0;
			shellPath = /bin/sh;
			shellScript = "\"${SRCROOT}/Pods/Target Support Files/Pods-XBShareViewDemo/Pods-XBShareViewDemo-frameworks.sh\"\n";
			showEnvVarsInLog = 0;
		};
/* End PBXShellScriptBuildPhase section */

/* Begin PBXSourcesBuildPhase section */
		1CAB482C20DB8B4E00F65759 /* Sources */ = {
			isa = PBXSourcesBuildPhase;
			buildActionMask = 2147483647;
			files = (
				1CAB483620DB8B4E00F65759 /* ViewController.swift in Sources */,
				1CAB484720DB94E900F65759 /* XBShareView.swift in Sources */,
				1CAB483420DB8B4E00F65759 /* AppDelegate.swift in Sources */,
			);
			runOnlyForDeploymentPostprocessing = 0;
		};
/* End PBXSourcesBuildPhase section */

/* Begin PBXVariantGroup section */
		1CAB483720DB8B4E00F65759 /* Main.storyboard */ = {
			isa = PBXVariantGroup;
			children = (
				1CAB483820DB8B4E00F65759 /* Base */,
			);
			name = Main.storyboard;
			sourceTree = "<group>";
		};
		1CAB483C20DB8B5200F65759 /* LaunchScreen.storyboard */ = {
			isa = PBXVariantGroup;
			children = (
				1CAB483D20DB8B5200F65759 /* Base */,
			);
			name = LaunchScreen.storyboard;
			sourceTree = "<group>";
		};
/* End PBXVariantGroup section */

/* Begin XCBuildConfiguration section */
		1CAB484020DB8B5200F65759 /* Debug */ = {
			isa = XCBuildConfiguration;
			buildSettings = {
				ALWAYS_SEARCH_USER_PATHS = NO;
				CLANG_ANALYZER_NONNULL = YES;
				CLANG_ANALYZER_NUMBER_OBJECT_CONVERSION = YES_AGGRESSIVE;
				CLANG_CXX_LANGUAGE_STANDARD = "gnu++14";
				CLANG_CXX_LIBRARY = "libc++";
				CLANG_ENABLE_MODULES = YES;
				CLANG_ENABLE_OBJC_ARC = YES;
				CLANG_ENABLE_OBJC_WEAK = YES;
				CLANG_WARN_BLOCK_CAPTURE_AUTORELEASING = YES;
				CLANG_WARN_BOOL_CONVERSION = YES;
				CLANG_WARN_COMMA = YES;
				CLANG_WARN_CONSTANT_CONVERSION = YES;
				CLANG_WARN_DEPRECATED_OBJC_IMPLEMENTATIONS = YES;
				CLANG_WARN_DIRECT_OBJC_ISA_USAGE = YES_ERROR;
				CLANG_WARN_DOCUMENTATION_COMMENTS = YES;
				CLANG_WARN_EMPTY_BODY = YES;
				CLANG_WARN_ENUM_CONVERSION = YES;
				CLANG_WARN_INFINITE_RECURSION = YES;
				CLANG_WARN_INT_CONVERSION = YES;
				CLANG_WARN_NON_LITERAL_NULL_CONVERSION = YES;
				CLANG_WARN_OBJC_IMPLICIT_RETAIN_SELF = YES;
				CLANG_WARN_OBJC_LITERAL_CONVERSION = YES;
				CLANG_WARN_OBJC_ROOT_CLASS = YES_ERROR;
				CLANG_WARN_RANGE_LOOP_ANALYSIS = YES;
				CLANG_WARN_STRICT_PROTOTYPES = YES;
				CLANG_WARN_SUSPICIOUS_MOVE = YES;
				CLANG_WARN_UNGUARDED_AVAILABILITY = YES_AGGRESSIVE;
				CLANG_WARN_UNREACHABLE_CODE = YES;
				CLANG_WARN__DUPLICATE_METHOD_MATCH = YES;
				CODE_SIGN_IDENTITY = "iPhone Developer";
				COPY_PHASE_STRIP = NO;
				DEBUG_INFORMATION_FORMAT = dwarf;
				ENABLE_STRICT_OBJC_MSGSEND = YES;
				ENABLE_TESTABILITY = YES;
				GCC_C_LANGUAGE_STANDARD = gnu11;
				GCC_DYNAMIC_NO_PIC = NO;
				GCC_NO_COMMON_BLOCKS = YES;
				GCC_OPTIMIZATION_LEVEL = 0;
				GCC_PREPROCESSOR_DEFINITIONS = (
					"DEBUG=1",
					"$(inherited)",
				);
				GCC_WARN_64_TO_32_BIT_CONVERSION = YES;
				GCC_WARN_ABOUT_RETURN_TYPE = YES_ERROR;
				GCC_WARN_UNDECLARED_SELECTOR = YES;
				GCC_WARN_UNINITIALIZED_AUTOS = YES_AGGRESSIVE;
				GCC_WARN_UNUSED_FUNCTION = YES;
				GCC_WARN_UNUSED_VARIABLE = YES;
				IPHONEOS_DEPLOYMENT_TARGET = 11.4;
				MTL_ENABLE_DEBUG_INFO = YES;
				ONLY_ACTIVE_ARCH = YES;
				SDKROOT = iphoneos;
				SWIFT_ACTIVE_COMPILATION_CONDITIONS = DEBUG;
				SWIFT_OPTIMIZATION_LEVEL = "-Onone";
			};
			name = Debug;
		};
		1CAB484120DB8B5200F65759 /* Release */ = {
			isa = XCBuildConfiguration;
			buildSettings = {
				ALWAYS_SEARCH_USER_PATHS = NO;
				CLANG_ANALYZER_NONNULL = YES;
				CLANG_ANALYZER_NUMBER_OBJECT_CONVERSION = YES_AGGRESSIVE;
				CLANG_CXX_LANGUAGE_STANDARD = "gnu++14";
				CLANG_CXX_LIBRARY = "libc++";
				CLANG_ENABLE_MODULES = YES;
				CLANG_ENABLE_OBJC_ARC = YES;
				CLANG_ENABLE_OBJC_WEAK = YES;
				CLANG_WARN_BLOCK_CAPTURE_AUTORELEASING = YES;
				CLANG_WARN_BOOL_CONVERSION = YES;
				CLANG_WARN_COMMA = YES;
				CLANG_WARN_CONSTANT_CONVERSION = YES;
				CLANG_WARN_DEPRECATED_OBJC_IMPLEMENTATIONS = YES;
				CLANG_WARN_DIRECT_OBJC_ISA_USAGE = YES_ERROR;
				CLANG_WARN_DOCUMENTATION_COMMENTS = YES;
				CLANG_WARN_EMPTY_BODY = YES;
				CLANG_WARN_ENUM_CONVERSION = YES;
				CLANG_WARN_INFINITE_RECURSION = YES;
				CLANG_WARN_INT_CONVERSION = YES;
				CLANG_WARN_NON_LITERAL_NULL_CONVERSION = YES;
				CLANG_WARN_OBJC_IMPLICIT_RETAIN_SELF = YES;
				CLANG_WARN_OBJC_LITERAL_CONVERSION = YES;
				CLANG_WARN_OBJC_ROOT_CLASS = YES_ERROR;
				CLANG_WARN_RANGE_LOOP_ANALYSIS = YES;
				CLANG_WARN_STRICT_PROTOTYPES = YES;
				CLANG_WARN_SUSPICIOUS_MOVE = YES;
				CLANG_WARN_UNGUARDED_AVAILABILITY = YES_AGGRESSIVE;
				CLANG_WARN_UNREACHABLE_CODE = YES;
				CLANG_WARN__DUPLICATE_METHOD_MATCH = YES;
				CODE_SIGN_IDENTITY = "iPhone Developer";
				COPY_PHASE_STRIP = NO;
				DEBUG_INFORMATION_FORMAT = "dwarf-with-dsym";
				ENABLE_NS_ASSERTIONS = NO;
				ENABLE_STRICT_OBJC_MSGSEND = YES;
				GCC_C_LANGUAGE_STANDARD = gnu11;
				GCC_NO_COMMON_BLOCKS = YES;
				GCC_WARN_64_TO_32_BIT_CONVERSION = YES;
				GCC_WARN_ABOUT_RETURN_TYPE = YES_ERROR;
				GCC_WARN_UNDECLARED_SELECTOR = YES;
				GCC_WARN_UNINITIALIZED_AUTOS = YES_AGGRESSIVE;
				GCC_WARN_UNUSED_FUNCTION = YES;
				GCC_WARN_UNUSED_VARIABLE = YES;
				IPHONEOS_DEPLOYMENT_TARGET = 11.4;
				MTL_ENABLE_DEBUG_INFO = NO;
				SDKROOT = iphoneos;
				SWIFT_COMPILATION_MODE = wholemodule;
				SWIFT_OPTIMIZATION_LEVEL = "-O";
				VALIDATE_PRODUCT = YES;
			};
			name = Release;
		};
		1CAB484320DB8B5200F65759 /* Debug */ = {
			isa = XCBuildConfiguration;
			baseConfigurationReference = C58EE648F82135B9666D3B45 /* Pods-XBShareViewDemo.debug.xcconfig */;
			buildSettings = {
				ASSETCATALOG_COMPILER_APPICON_NAME = AppIcon;
				CODE_SIGN_STYLE = Automatic;
				DEVELOPMENT_TEAM = 2QC668LVNU;
				INFOPLIST_FILE = XBShareViewDemo/Info.plist;
				LD_RUNPATH_SEARCH_PATHS = (
					"$(inherited)",
					"@executable_path/Frameworks",
				);
				PRODUCT_BUNDLE_IDENTIFIER = com.yibao.XBShareViewDemo;
				PRODUCT_NAME = "$(TARGET_NAME)";
				SWIFT_VERSION = 4.0;
				TARGETED_DEVICE_FAMILY = "1,2";
			};
			name = Debug;
		};
		1CAB484420DB8B5200F65759 /* Release */ = {
			isa = XCBuildConfiguration;
			baseConfigurationReference = 06DB531620B2880085C7B434 /* Pods-XBShareViewDemo.release.xcconfig */;
			buildSettings = {
				ASSETCATALOG_COMPILER_APPICON_NAME = AppIcon;
				CODE_SIGN_STYLE = Automatic;
				DEVELOPMENT_TEAM = 2QC668LVNU;
				INFOPLIST_FILE = XBShareViewDemo/Info.plist;
				LD_RUNPATH_SEARCH_PATHS = (
					"$(inherited)",
					"@executable_path/Frameworks",
				);
				PRODUCT_BUNDLE_IDENTIFIER = com.yibao.XBShareViewDemo;
				PRODUCT_NAME = "$(TARGET_NAME)";
				SWIFT_VERSION = 4.0;
				TARGETED_DEVICE_FAMILY = "1,2";
			};
			name = Release;
		};
/* End XCBuildConfiguration section */

/* Begin XCConfigurationList section */
		1CAB482B20DB8B4D00F65759 /* Build configuration list for PBXProject "XBShareViewDemo" */ = {
			isa = XCConfigurationList;
			buildConfigurations = (
				1CAB484020DB8B5200F65759 /* Debug */,
				1CAB484120DB8B5200F65759 /* Release */,
			);
			defaultConfigurationIsVisible = 0;
			defaultConfigurationName = Release;
		};
		1CAB484220DB8B5200F65759 /* Build configuration list for PBXNativeTarget "XBShareViewDemo" */ = {
			isa = XCConfigurationList;
			buildConfigurations = (
				1CAB484320DB8B5200F65759 /* Debug */,
				1CAB484420DB8B5200F65759 /* Release */,
			);
			defaultConfigurationIsVisible = 0;
			defaultConfigurationName = Release;
		};
/* End XCConfigurationList section */
	};
	rootObject = 1CAB482820DB8B4D00F65759 /* Project object */;
}
